PODS:
  - CryptoSwift (1.4.0)
  - ed25519swift (1.2.5):
    - CryptoSwift
  - Skynet (0.1.0):
    - CryptoSwift (~> 1.4.0)
    - ed25519swift (~> 1.2.5)

DEPENDENCIES:
  - Skynet (from `../`)

SPEC REPOS:
  trunk:
    - CryptoSwift
    - ed25519swift

EXTERNAL SOURCES:
  Skynet:
    :path: "../"

SPEC CHECKSUMS:
  CryptoSwift: 7cc902df1784de3b389a387756c7d710f197730c
  ed25519swift: 1dde95cca5e1f375656e2fbccb06f9c568ef6498
  Skynet: 339808293188f53291e1aedf1c10e2589a85ae21

PODFILE CHECKSUM: c218a68b11fbd229f39ed088795d3479aa029eff

COCOAPODS: 1.10.1
