{
  "object": {
    "pins": [
      {
        "package": "CryptoSwift",
        "repositoryURL": "https://github.com/krzyzanowskim/CryptoSwift.git",
        "state": {
          "branch": null,
          "revision": "4e31051c63cc0ddf10a25cf5318856c510cf77f4",
          "version": "1.4.0"
        }
      },
      {
        "package": "ed25519swift",
        "repositoryURL": "https://github.com/pebble8888/ed25519swift.git",
        "state": {
          "branch": null,
          "revision": "1e821f5516049f5b83aca8cb3b982910cf8c028c",
          "version": "1.2.8"
        }
      },
      {
        "package": "Mockingjay",
        "repositoryURL": "https://github.com/saltzmanjoelh/Mockingjay.git",
        "state": {
          "branch": "master",
          "revision": "a1d61f0e90c738dda2d6dc96bec98f55f27b731d",
          "version": null
        }
      },
      {
        "package": "PathKit",
        "repositoryURL": "https://github.com/kylef/PathKit.git",
        "state": {
          "branch": null,
          "revision": "73f8e9dca9b7a3078cb79128217dc8f2e585a511",
          "version": "1.0.0"
        }
      },
      {
        "package": "Spectre",
        "repositoryURL": "https://github.com/kylef/Spectre.git",
        "state": {
          "branch": null,
          "revision": "f79d4ecbf8bc4e1579fbd86c3e1d652fb6876c53",
          "version": "0.9.2"
        }
      },
      {
        "package": "TweetNacl",
        "repositoryURL": "https://github.com/bitmark-inc/tweetnacl-swiftwrap",
        "state": {
          "branch": null,
          "revision": "d1552db4d907f2c5cb3d1bf1336496b2e16c8ecf",
          "version": "1.0.2"
        }
      },
      {
        "package": "URITemplate",
        "repositoryURL": "https://github.com/kylef/URITemplate.swift.git",
        "state": {
          "branch": "master",
          "revision": "f26661846c20d134c1e6c57214353565480ace7d",
          "version": null
        }
      }
    ]
  },
  "version": 1
}
